
Microsoft Visual Studio Solution File, Format Version 12.00
# Visual Studio Version 17
VisualStudioVersion = 17.10.35013.160
MinimumVisualStudioVersion = 10.0.40219.1
Project("{FAE04EC0-301F-11D3-BF4B-00C04F79EFBC}") = "Assignment10.3.1 Entity Framework Core", "Assignment10.3.1 Entity Framework Core.csproj", "{AC72819C-B116-4B42-9D3A-4763D86DF27E}"
EndProject
Global
	GlobalSection(SolutionConfigurationPlatforms) = preSolution
		Debug|Any CPU = Debug|Any CPU
		Release|Any CPU = Release|Any CPU
	EndGlobalSection
	GlobalSection(ProjectConfigurationPlatforms) = postSolution
		{AC72819C-B116-4B42-9D3A-4763D86DF27E}.Debug|Any CPU.ActiveCfg = Debug|Any CPU
		{AC72819C-B116-4B42-9D3A-4763D86DF27E}.Debug|Any CPU.Build.0 = Debug|Any CPU
		{AC72819C-B116-4B42-9D3A-4763D86DF27E}.Release|Any CPU.ActiveCfg = Release|Any CPU
		{AC72819C-B116-4B42-9D3A-4763D86DF27E}.Release|Any CPU.Build.0 = Release|Any CPU
	EndGlobalSection
	GlobalSection(SolutionProperties) = preSolution
		HideSolutionNode = FALSE
	EndGlobalSection
	GlobalSection(ExtensibilityGlobals) = postSolution
		SolutionGuid = {493E5D5D-231C-4E62-8E4B-F2821278D584}
	EndGlobalSection
EndGlobal
